
Microsoft Visual Studio Solution File, Format Version 12.00
# Visual Studio 15
VisualStudioVersion = 15.0.28307.1300
MinimumVisualStudioVersion = 10.0.40219.1
Project("{8BC9CEB8-8B4A-11D0-8D11-00A0C91BC942}") = "체스판 다시 칠하기", "practice\practice.vcxproj", "{05817987-FD2A-48F7-8562-79C976142798}"
EndProject
Project("{8BC9CEB8-8B4A-11D0-8D11-00A0C91BC942}") = "영화감독 숌", "Project1\Project1.vcxproj", "{79A5EFAC-B214-460F-9475-D384A7C2F1E9}"
EndProject
Project("{8BC9CEB8-8B4A-11D0-8D11-00A0C91BC942}") = "합병 정렬", "수 정렬하기\수 정렬하기.vcxproj", "{43034AC4-AAC8-40D1-BE20-0B254E496D16}"
EndProject
Project("{8BC9CEB8-8B4A-11D0-8D11-00A0C91BC942}") = "수 정렬하기 2", "수 정렬하기 2\수 정렬하기 2.vcxproj", "{45D3904A-D576-4B71-A080-4E93AAE37B74}"
EndProject
Project("{8BC9CEB8-8B4A-11D0-8D11-00A0C91BC942}") = "수 정렬하기, 카운팅 정렬", "수 정렬하기, 카운팅 정렬\수 정렬하기, 카운팅 정렬.vcxproj", "{717D5B15-D47E-40B9-B380-82596F8C5B77}"
EndProject
Project("{8BC9CEB8-8B4A-11D0-8D11-00A0C91BC942}") = "퀵 정렬", "퀵 정렬\퀵 정렬.vcxproj", "{C8516ED0-E4A5-427C-A8F4-6AC308589728}"
EndProject
Project("{8BC9CEB8-8B4A-11D0-8D11-00A0C91BC942}") = "통계학", "통계학\통계학.vcxproj", "{4D03A411-FC2D-4E84-989C-D070609D5B21}"
EndProject
Project("{8BC9CEB8-8B4A-11D0-8D11-00A0C91BC942}") = "소트인사이드", "소트인사이드\소트인사이드.vcxproj", "{1F5006AD-71A7-4F08-9C81-4F24C9A1E606}"
EndProject
Project("{8BC9CEB8-8B4A-11D0-8D11-00A0C91BC942}") = "linked_list", "linked_list\linked_list.vcxproj", "{92A54F9D-D378-4D9B-8C2B-1207BC3FC682}"
EndProject
Project("{8BC9CEB8-8B4A-11D0-8D11-00A0C91BC942}") = "좌표정렬하기", "좌표정렬하기\좌표정렬하기.vcxproj", "{D7706806-204A-43EE-96E3-FA29D128C923}"
EndProject
Project("{8BC9CEB8-8B4A-11D0-8D11-00A0C91BC942}") = "좌표 정렬하기2", "좌표 정렬하기2\좌표 정렬하기2.vcxproj", "{A6780B10-BDCB-46C6-B038-5D665E9F698B}"
EndProject
Project("{8BC9CEB8-8B4A-11D0-8D11-00A0C91BC942}") = "doubly_linked_list", "doubly_linked_list\doubly_linked_list.vcxproj", "{8C37894A-CB77-4C6E-BB5B-62629099C72E}"
EndProject
Project("{8BC9CEB8-8B4A-11D0-8D11-00A0C91BC942}") = "단어정렬", "단어정렬\단어정렬.vcxproj", "{9FF1B1B0-8089-4A5E-B1E9-AD855701101E}"
EndProject
Project("{8BC9CEB8-8B4A-11D0-8D11-00A0C91BC942}") = "나이순정렬", "나이순정렬\나이순정렬.vcxproj", "{2B5993EC-468D-40AD-BA69-9967C9A9B984}"
EndProject
Project("{8BC9CEB8-8B4A-11D0-8D11-00A0C91BC942}") = "N과 M", "N과 ㅡ\N과 ㅡ.vcxproj", "{FBF534D7-59D5-4DA6-941C-8ACDAD4B5E8B}"
EndProject
Project("{8BC9CEB8-8B4A-11D0-8D11-00A0C91BC942}") = "N 과 M 2", "N 과 M 2\N 과 M 2.vcxproj", "{3C2DD96B-22E7-48B4-AB0D-3EB0429D4D65}"
EndProject
Project("{8BC9CEB8-8B4A-11D0-8D11-00A0C91BC942}") = "N 과 M 3", "N 과 M 3\N 과 M 3.vcxproj", "{871BC6EF-BDED-47CE-9EED-607A9B8F1CA0}"
EndProject
Project("{8BC9CEB8-8B4A-11D0-8D11-00A0C91BC942}") = "N 과 M 4", "N 과 M 4\N 과 M 4.vcxproj", "{4C372FDC-07A0-4B23-8C5D-4A2FB7A388FD}"
EndProject
Project("{8BC9CEB8-8B4A-11D0-8D11-00A0C91BC942}") = "N-Queen", "N-Queen\N-Queen.vcxproj", "{E64D4B6B-0C0B-4817-9EB3-0FD338017367}"
EndProject
Project("{8BC9CEB8-8B4A-11D0-8D11-00A0C91BC942}") = "스도쿠", "스도쿠\스도쿠.vcxproj", "{F02791FD-BC70-477E-BF7B-12F76EB3DE71}"
EndProject
Project("{8BC9CEB8-8B4A-11D0-8D11-00A0C91BC942}") = "연산자끼워넣기", "연산자끼워넣기\연산자끼워넣기.vcxproj", "{DFB4F200-18B4-47BC-8265-A9FEF6EFC325}"
EndProject
Project("{8BC9CEB8-8B4A-11D0-8D11-00A0C91BC942}") = "스타트와 링크", "스타트와 링크\스타트와 링크.vcxproj", "{6B91A2FB-6AB9-4C6A-A347-3ACA07C1DC83}"
EndProject
Project("{8BC9CEB8-8B4A-11D0-8D11-00A0C91BC942}") = "피보나치수2", "피보나치수2\피보나치수2.vcxproj", "{31932EBB-33FF-432D-B188-EFE7652EDD42}"
EndProject
Project("{8BC9CEB8-8B4A-11D0-8D11-00A0C91BC942}") = "피보나치 함수", "피보나치 함수\피보나치 함수.vcxproj", "{4416E183-6E3A-4B5D-9DBC-DE1CCBBD30BF}"
EndProject
Project("{8BC9CEB8-8B4A-11D0-8D11-00A0C91BC942}") = "01타일", "01타일\01타일.vcxproj", "{1C19498A-4EFE-49BE-83B0-9DA3C0431792}"
EndProject
Project("{8BC9CEB8-8B4A-11D0-8D11-00A0C91BC942}") = "파도반수열", "파도반수열\파도반수열.vcxproj", "{58FBDBB6-AA24-4C20-B1CA-6803F5244CD8}"
EndProject
Project("{8BC9CEB8-8B4A-11D0-8D11-00A0C91BC942}") = "RGB거리", "RGB거리\RGB거리.vcxproj", "{21BA0D44-A716-4DE5-8DB4-B0ECBEF2FBCD}"
EndProject
Project("{8BC9CEB8-8B4A-11D0-8D11-00A0C91BC942}") = "정수 삼각형", "정수 삼각혀\정수 삼각혀.vcxproj", "{883942E2-6DBC-4F1D-BB6B-963B395FE27A}"
EndProject
Project("{8BC9CEB8-8B4A-11D0-8D11-00A0C91BC942}") = "계단 오르기", "계단 오르기\계단 오르기.vcxproj", "{18BA6BC5-1185-4F60-9588-843DE561ED3A}"
EndProject
Project("{8BC9CEB8-8B4A-11D0-8D11-00A0C91BC942}") = "1로 만들기", "1로 만들기\1로 만들기.vcxproj", "{3CE29589-F2C5-4903-B041-74F55481E8FF}"
EndProject
Project("{8BC9CEB8-8B4A-11D0-8D11-00A0C91BC942}") = "포도주 시식", "포도주 시식\포도주 시식.vcxproj", "{04FC30DF-A3BC-430A-B9B0-3CAE8B512F9D}"
EndProject
Project("{8BC9CEB8-8B4A-11D0-8D11-00A0C91BC942}") = "쉬운계단수", "쉬운계단수\쉬운계단수.vcxproj", "{D7987537-92FE-48D6-99C6-1BEDD3D9F40B}"
EndProject
Project("{8BC9CEB8-8B4A-11D0-8D11-00A0C91BC942}") = "가장 긴 증가하는 부분 수열", "가장 긴 증가하는 부분 수열\가장 긴 증가하는 부분 수열.vcxproj", "{34FCBE6C-D2E7-46C6-806C-AAC573557EEE}"
EndProject
Project("{8BC9CEB8-8B4A-11D0-8D11-00A0C91BC942}") = "가장 긴 바이토닉 부분 수열", "가장 긴 바이토닉 부분 수열\가장 긴 바이토닉 부분 수열.vcxproj", "{051D7B28-36E7-41B1-993A-A8E1D36454D7}"
EndProject
Project("{8BC9CEB8-8B4A-11D0-8D11-00A0C91BC942}") = "전깃줄", "전깃줄\전깃줄.vcxproj", "{A8401728-3C60-4FDD-8DC6-901DA65723A1}"
EndProject
Project("{8BC9CEB8-8B4A-11D0-8D11-00A0C91BC942}") = "Hash Table", "Hash Table\Hash Table.vcxproj", "{B5D7029B-0312-4227-AF27-BBBC5899D9CC}"
EndProject
Project("{8BC9CEB8-8B4A-11D0-8D11-00A0C91BC942}") = "LCS", "LCS\LCS.vcxproj", "{BBA8F3C1-6C3B-48EC-8A13-1E5C39AA791F}"
EndProject
Project("{8BC9CEB8-8B4A-11D0-8D11-00A0C91BC942}") = "연속합", "연속합\연속합.vcxproj", "{25AC8273-14CF-4E54-B8C9-E7A478DC6A74}"
EndProject
Project("{8BC9CEB8-8B4A-11D0-8D11-00A0C91BC942}") = "평범한 배낭", "평범한 배낭\평범한 배낭.vcxproj", "{B7915185-8121-46F8-A6F8-D8BBD0E7375F}"
EndProject
Project("{8BC9CEB8-8B4A-11D0-8D11-00A0C91BC942}") = "Stack", "Stack\Stack.vcxproj", "{6DDE2F40-FC95-4DA2-B2B5-91D1A5DF191E}"
EndProject
Project("{8BC9CEB8-8B4A-11D0-8D11-00A0C91BC942}") = "Queue", "Queue\Queue.vcxproj", "{4C9D9015-92A1-4E1B-822A-7CD776157901}"
EndProject
Project("{8BC9CEB8-8B4A-11D0-8D11-00A0C91BC942}") = "신나는 함수 실행", "신나는 함수 실행\신나는 함수 실행.vcxproj", "{38287724-A1E9-4281-9DC1-496868FF34AF}"
EndProject
Project("{8BC9CEB8-8B4A-11D0-8D11-00A0C91BC942}") = "큰수 A+B", "큰수 A+B\큰수 A+B.vcxproj", "{41C7B69E-AD57-42DC-B095-A9C2BD27C5BD}"
EndProject
Project("{8BC9CEB8-8B4A-11D0-8D11-00A0C91BC942}") = "소인수분해", "소인수분해\소인수분해.vcxproj", "{4100416C-E497-45AD-BC45-E41B254DEC64}"
EndProject
Project("{8BC9CEB8-8B4A-11D0-8D11-00A0C91BC942}") = "heap sort", "heap sort\heap sort.vcxproj", "{97C9B44A-51DF-4072-BBF5-F21E10487C64}"
EndProject
Project("{8BC9CEB8-8B4A-11D0-8D11-00A0C91BC942}") = "Test", "Test\Test.vcxproj", "{03960010-68AD-4C58-9470-0318F2026060}"
EndProject
Project("{8BC9CEB8-8B4A-11D0-8D11-00A0C91BC942}") = "Test2", "Test2\Test2.vcxproj", "{FFC2EF5B-2CCC-4133-867E-07EE6A3D675D}"
EndProject
Project("{8BC9CEB8-8B4A-11D0-8D11-00A0C91BC942}") = "Binary tree traverser", "Binary tree traverser\Binary tree traverser.vcxproj", "{B99C3D2E-8E83-4642-8696-2BD430BC9C4B}"
EndProject
Project("{8BC9CEB8-8B4A-11D0-8D11-00A0C91BC942}") = "BFS", "BFS\BFS.vcxproj", "{71249D6D-89CC-487C-B668-2C93E99B2E3E}"
EndProject
Project("{8BC9CEB8-8B4A-11D0-8D11-00A0C91BC942}") = "DFS", "DFS\DFS.vcxproj", "{A92ED5FE-0548-456F-A6DD-4B5E6D81E601}"
EndProject
Project("{8BC9CEB8-8B4A-11D0-8D11-00A0C91BC942}") = "Dijkstra_O(n^2)", "Dijkstra\Dijkstra.vcxproj", "{74F091E6-CE95-4E88-B583-17472C84D676}"
EndProject
Project("{8BC9CEB8-8B4A-11D0-8D11-00A0C91BC942}") = "Dijkstra_O(nlogn)", "Dijkstra_O(nlogn)\Dijkstra_O(nlogn).vcxproj", "{375A7C41-B6B9-44A1-B34F-86310820577D}"
EndProject
Project("{8BC9CEB8-8B4A-11D0-8D11-00A0C91BC942}") = "counting_sort", "counting_sort\counting_sort.vcxproj", "{9EBF4CE3-40E9-4809-9DB6-F89AE68E164A}"
EndProject
Project("{8BC9CEB8-8B4A-11D0-8D11-00A0C91BC942}") = "연속제곱법", "SuccessiveSquaring\SuccessiveSquaring.vcxproj", "{17A47D95-9287-444D-AAAB-7A364D1F4C20}"
EndProject
Project("{8BC9CEB8-8B4A-11D0-8D11-00A0C91BC942}") = "2진10진수", "2진10진수\2진10진수.vcxproj", "{94BC41BB-8AD1-4B8D-AB47-35FD539BF795}"
EndProject
Global
	GlobalSection(SolutionConfigurationPlatforms) = preSolution
		Debug|x64 = Debug|x64
		Debug|x86 = Debug|x86
		Release|x64 = Release|x64
		Release|x86 = Release|x86
	EndGlobalSection
	GlobalSection(ProjectConfigurationPlatforms) = postSolution
		{05817987-FD2A-48F7-8562-79C976142798}.Debug|x64.ActiveCfg = Debug|x64
		{05817987-FD2A-48F7-8562-79C976142798}.Debug|x64.Build.0 = Debug|x64
		{05817987-FD2A-48F7-8562-79C976142798}.Debug|x86.ActiveCfg = Debug|Win32
		{05817987-FD2A-48F7-8562-79C976142798}.Debug|x86.Build.0 = Debug|Win32
		{05817987-FD2A-48F7-8562-79C976142798}.Release|x64.ActiveCfg = Release|x64
		{05817987-FD2A-48F7-8562-79C976142798}.Release|x64.Build.0 = Release|x64
		{05817987-FD2A-48F7-8562-79C976142798}.Release|x86.ActiveCfg = Release|Win32
		{05817987-FD2A-48F7-8562-79C976142798}.Release|x86.Build.0 = Release|Win32
		{79A5EFAC-B214-460F-9475-D384A7C2F1E9}.Debug|x64.ActiveCfg = Debug|x64
		{79A5EFAC-B214-460F-9475-D384A7C2F1E9}.Debug|x64.Build.0 = Debug|x64
		{79A5EFAC-B214-460F-9475-D384A7C2F1E9}.Debug|x86.ActiveCfg = Debug|Win32
		{79A5EFAC-B214-460F-9475-D384A7C2F1E9}.Debug|x86.Build.0 = Debug|Win32
		{79A5EFAC-B214-460F-9475-D384A7C2F1E9}.Release|x64.ActiveCfg = Release|x64
		{79A5EFAC-B214-460F-9475-D384A7C2F1E9}.Release|x64.Build.0 = Release|x64
		{79A5EFAC-B214-460F-9475-D384A7C2F1E9}.Release|x86.ActiveCfg = Release|Win32
		{79A5EFAC-B214-460F-9475-D384A7C2F1E9}.Release|x86.Build.0 = Release|Win32
		{43034AC4-AAC8-40D1-BE20-0B254E496D16}.Debug|x64.ActiveCfg = Debug|x64
		{43034AC4-AAC8-40D1-BE20-0B254E496D16}.Debug|x64.Build.0 = Debug|x64
		{43034AC4-AAC8-40D1-BE20-0B254E496D16}.Debug|x86.ActiveCfg = Debug|Win32
		{43034AC4-AAC8-40D1-BE20-0B254E496D16}.Debug|x86.Build.0 = Debug|Win32
		{43034AC4-AAC8-40D1-BE20-0B254E496D16}.Release|x64.ActiveCfg = Release|x64
		{43034AC4-AAC8-40D1-BE20-0B254E496D16}.Release|x64.Build.0 = Release|x64
		{43034AC4-AAC8-40D1-BE20-0B254E496D16}.Release|x86.ActiveCfg = Release|Win32
		{43034AC4-AAC8-40D1-BE20-0B254E496D16}.Release|x86.Build.0 = Release|Win32
		{45D3904A-D576-4B71-A080-4E93AAE37B74}.Debug|x64.ActiveCfg = Debug|x64
		{45D3904A-D576-4B71-A080-4E93AAE37B74}.Debug|x64.Build.0 = Debug|x64
		{45D3904A-D576-4B71-A080-4E93AAE37B74}.Debug|x86.ActiveCfg = Debug|Win32
		{45D3904A-D576-4B71-A080-4E93AAE37B74}.Debug|x86.Build.0 = Debug|Win32
		{45D3904A-D576-4B71-A080-4E93AAE37B74}.Release|x64.ActiveCfg = Release|x64
		{45D3904A-D576-4B71-A080-4E93AAE37B74}.Release|x64.Build.0 = Release|x64
		{45D3904A-D576-4B71-A080-4E93AAE37B74}.Release|x86.ActiveCfg = Release|Win32
		{45D3904A-D576-4B71-A080-4E93AAE37B74}.Release|x86.Build.0 = Release|Win32
		{717D5B15-D47E-40B9-B380-82596F8C5B77}.Debug|x64.ActiveCfg = Debug|x64
		{717D5B15-D47E-40B9-B380-82596F8C5B77}.Debug|x64.Build.0 = Debug|x64
		{717D5B15-D47E-40B9-B380-82596F8C5B77}.Debug|x86.ActiveCfg = Debug|Win32
		{717D5B15-D47E-40B9-B380-82596F8C5B77}.Debug|x86.Build.0 = Debug|Win32
		{717D5B15-D47E-40B9-B380-82596F8C5B77}.Release|x64.ActiveCfg = Release|x64
		{717D5B15-D47E-40B9-B380-82596F8C5B77}.Release|x64.Build.0 = Release|x64
		{717D5B15-D47E-40B9-B380-82596F8C5B77}.Release|x86.ActiveCfg = Release|Win32
		{717D5B15-D47E-40B9-B380-82596F8C5B77}.Release|x86.Build.0 = Release|Win32
		{C8516ED0-E4A5-427C-A8F4-6AC308589728}.Debug|x64.ActiveCfg = Debug|x64
		{C8516ED0-E4A5-427C-A8F4-6AC308589728}.Debug|x64.Build.0 = Debug|x64
		{C8516ED0-E4A5-427C-A8F4-6AC308589728}.Debug|x86.ActiveCfg = Debug|Win32
		{C8516ED0-E4A5-427C-A8F4-6AC308589728}.Debug|x86.Build.0 = Debug|Win32
		{C8516ED0-E4A5-427C-A8F4-6AC308589728}.Release|x64.ActiveCfg = Release|x64
		{C8516ED0-E4A5-427C-A8F4-6AC308589728}.Release|x64.Build.0 = Release|x64
		{C8516ED0-E4A5-427C-A8F4-6AC308589728}.Release|x86.ActiveCfg = Release|Win32
		{C8516ED0-E4A5-427C-A8F4-6AC308589728}.Release|x86.Build.0 = Release|Win32
		{4D03A411-FC2D-4E84-989C-D070609D5B21}.Debug|x64.ActiveCfg = Debug|x64
		{4D03A411-FC2D-4E84-989C-D070609D5B21}.Debug|x64.Build.0 = Debug|x64
		{4D03A411-FC2D-4E84-989C-D070609D5B21}.Debug|x86.ActiveCfg = Debug|Win32
		{4D03A411-FC2D-4E84-989C-D070609D5B21}.Debug|x86.Build.0 = Debug|Win32
		{4D03A411-FC2D-4E84-989C-D070609D5B21}.Release|x64.ActiveCfg = Release|x64
		{4D03A411-FC2D-4E84-989C-D070609D5B21}.Release|x64.Build.0 = Release|x64
		{4D03A411-FC2D-4E84-989C-D070609D5B21}.Release|x86.ActiveCfg = Release|Win32
		{4D03A411-FC2D-4E84-989C-D070609D5B21}.Release|x86.Build.0 = Release|Win32
		{1F5006AD-71A7-4F08-9C81-4F24C9A1E606}.Debug|x64.ActiveCfg = Debug|x64
		{1F5006AD-71A7-4F08-9C81-4F24C9A1E606}.Debug|x64.Build.0 = Debug|x64
		{1F5006AD-71A7-4F08-9C81-4F24C9A1E606}.Debug|x86.ActiveCfg = Debug|Win32
		{1F5006AD-71A7-4F08-9C81-4F24C9A1E606}.Debug|x86.Build.0 = Debug|Win32
		{1F5006AD-71A7-4F08-9C81-4F24C9A1E606}.Release|x64.ActiveCfg = Release|x64
		{1F5006AD-71A7-4F08-9C81-4F24C9A1E606}.Release|x64.Build.0 = Release|x64
		{1F5006AD-71A7-4F08-9C81-4F24C9A1E606}.Release|x86.ActiveCfg = Release|Win32
		{1F5006AD-71A7-4F08-9C81-4F24C9A1E606}.Release|x86.Build.0 = Release|Win32
		{92A54F9D-D378-4D9B-8C2B-1207BC3FC682}.Debug|x64.ActiveCfg = Debug|x64
		{92A54F9D-D378-4D9B-8C2B-1207BC3FC682}.Debug|x64.Build.0 = Debug|x64
		{92A54F9D-D378-4D9B-8C2B-1207BC3FC682}.Debug|x86.ActiveCfg = Debug|Win32
		{92A54F9D-D378-4D9B-8C2B-1207BC3FC682}.Debug|x86.Build.0 = Debug|Win32
		{92A54F9D-D378-4D9B-8C2B-1207BC3FC682}.Release|x64.ActiveCfg = Release|x64
		{92A54F9D-D378-4D9B-8C2B-1207BC3FC682}.Release|x64.Build.0 = Release|x64
		{92A54F9D-D378-4D9B-8C2B-1207BC3FC682}.Release|x86.ActiveCfg = Release|Win32
		{92A54F9D-D378-4D9B-8C2B-1207BC3FC682}.Release|x86.Build.0 = Release|Win32
		{D7706806-204A-43EE-96E3-FA29D128C923}.Debug|x64.ActiveCfg = Debug|x64
		{D7706806-204A-43EE-96E3-FA29D128C923}.Debug|x64.Build.0 = Debug|x64
		{D7706806-204A-43EE-96E3-FA29D128C923}.Debug|x86.ActiveCfg = Debug|Win32
		{D7706806-204A-43EE-96E3-FA29D128C923}.Debug|x86.Build.0 = Debug|Win32
		{D7706806-204A-43EE-96E3-FA29D128C923}.Release|x64.ActiveCfg = Release|x64
		{D7706806-204A-43EE-96E3-FA29D128C923}.Release|x64.Build.0 = Release|x64
		{D7706806-204A-43EE-96E3-FA29D128C923}.Release|x86.ActiveCfg = Release|Win32
		{D7706806-204A-43EE-96E3-FA29D128C923}.Release|x86.Build.0 = Release|Win32
		{A6780B10-BDCB-46C6-B038-5D665E9F698B}.Debug|x64.ActiveCfg = Debug|x64
		{A6780B10-BDCB-46C6-B038-5D665E9F698B}.Debug|x64.Build.0 = Debug|x64
		{A6780B10-BDCB-46C6-B038-5D665E9F698B}.Debug|x86.ActiveCfg = Debug|Win32
		{A6780B10-BDCB-46C6-B038-5D665E9F698B}.Debug|x86.Build.0 = Debug|Win32
		{A6780B10-BDCB-46C6-B038-5D665E9F698B}.Release|x64.ActiveCfg = Release|x64
		{A6780B10-BDCB-46C6-B038-5D665E9F698B}.Release|x64.Build.0 = Release|x64
		{A6780B10-BDCB-46C6-B038-5D665E9F698B}.Release|x86.ActiveCfg = Release|Win32
		{A6780B10-BDCB-46C6-B038-5D665E9F698B}.Release|x86.Build.0 = Release|Win32
		{8C37894A-CB77-4C6E-BB5B-62629099C72E}.Debug|x64.ActiveCfg = Debug|x64
		{8C37894A-CB77-4C6E-BB5B-62629099C72E}.Debug|x64.Build.0 = Debug|x64
		{8C37894A-CB77-4C6E-BB5B-62629099C72E}.Debug|x86.ActiveCfg = Debug|Win32
		{8C37894A-CB77-4C6E-BB5B-62629099C72E}.Debug|x86.Build.0 = Debug|Win32
		{8C37894A-CB77-4C6E-BB5B-62629099C72E}.Release|x64.ActiveCfg = Release|x64
		{8C37894A-CB77-4C6E-BB5B-62629099C72E}.Release|x64.Build.0 = Release|x64
		{8C37894A-CB77-4C6E-BB5B-62629099C72E}.Release|x86.ActiveCfg = Release|Win32
		{8C37894A-CB77-4C6E-BB5B-62629099C72E}.Release|x86.Build.0 = Release|Win32
		{9FF1B1B0-8089-4A5E-B1E9-AD855701101E}.Debug|x64.ActiveCfg = Debug|x64
		{9FF1B1B0-8089-4A5E-B1E9-AD855701101E}.Debug|x64.Build.0 = Debug|x64
		{9FF1B1B0-8089-4A5E-B1E9-AD855701101E}.Debug|x86.ActiveCfg = Debug|Win32
		{9FF1B1B0-8089-4A5E-B1E9-AD855701101E}.Debug|x86.Build.0 = Debug|Win32
		{9FF1B1B0-8089-4A5E-B1E9-AD855701101E}.Release|x64.ActiveCfg = Release|x64
		{9FF1B1B0-8089-4A5E-B1E9-AD855701101E}.Release|x64.Build.0 = Release|x64
		{9FF1B1B0-8089-4A5E-B1E9-AD855701101E}.Release|x86.ActiveCfg = Release|Win32
		{9FF1B1B0-8089-4A5E-B1E9-AD855701101E}.Release|x86.Build.0 = Release|Win32
		{2B5993EC-468D-40AD-BA69-9967C9A9B984}.Debug|x64.ActiveCfg = Debug|x64
		{2B5993EC-468D-40AD-BA69-9967C9A9B984}.Debug|x64.Build.0 = Debug|x64
		{2B5993EC-468D-40AD-BA69-9967C9A9B984}.Debug|x86.ActiveCfg = Debug|Win32
		{2B5993EC-468D-40AD-BA69-9967C9A9B984}.Debug|x86.Build.0 = Debug|Win32
		{2B5993EC-468D-40AD-BA69-9967C9A9B984}.Release|x64.ActiveCfg = Release|x64
		{2B5993EC-468D-40AD-BA69-9967C9A9B984}.Release|x64.Build.0 = Release|x64
		{2B5993EC-468D-40AD-BA69-9967C9A9B984}.Release|x86.ActiveCfg = Release|Win32
		{2B5993EC-468D-40AD-BA69-9967C9A9B984}.Release|x86.Build.0 = Release|Win32
		{FBF534D7-59D5-4DA6-941C-8ACDAD4B5E8B}.Debug|x64.ActiveCfg = Debug|x64
		{FBF534D7-59D5-4DA6-941C-8ACDAD4B5E8B}.Debug|x64.Build.0 = Debug|x64
		{FBF534D7-59D5-4DA6-941C-8ACDAD4B5E8B}.Debug|x86.ActiveCfg = Debug|Win32
		{FBF534D7-59D5-4DA6-941C-8ACDAD4B5E8B}.Debug|x86.Build.0 = Debug|Win32
		{FBF534D7-59D5-4DA6-941C-8ACDAD4B5E8B}.Release|x64.ActiveCfg = Release|x64
		{FBF534D7-59D5-4DA6-941C-8ACDAD4B5E8B}.Release|x64.Build.0 = Release|x64
		{FBF534D7-59D5-4DA6-941C-8ACDAD4B5E8B}.Release|x86.ActiveCfg = Release|Win32
		{FBF534D7-59D5-4DA6-941C-8ACDAD4B5E8B}.Release|x86.Build.0 = Release|Win32
		{3C2DD96B-22E7-48B4-AB0D-3EB0429D4D65}.Debug|x64.ActiveCfg = Debug|x64
		{3C2DD96B-22E7-48B4-AB0D-3EB0429D4D65}.Debug|x64.Build.0 = Debug|x64
		{3C2DD96B-22E7-48B4-AB0D-3EB0429D4D65}.Debug|x86.ActiveCfg = Debug|Win32
		{3C2DD96B-22E7-48B4-AB0D-3EB0429D4D65}.Debug|x86.Build.0 = Debug|Win32
		{3C2DD96B-22E7-48B4-AB0D-3EB0429D4D65}.Release|x64.ActiveCfg = Release|x64
		{3C2DD96B-22E7-48B4-AB0D-3EB0429D4D65}.Release|x64.Build.0 = Release|x64
		{3C2DD96B-22E7-48B4-AB0D-3EB0429D4D65}.Release|x86.ActiveCfg = Release|Win32
		{3C2DD96B-22E7-48B4-AB0D-3EB0429D4D65}.Release|x86.Build.0 = Release|Win32
		{871BC6EF-BDED-47CE-9EED-607A9B8F1CA0}.Debug|x64.ActiveCfg = Debug|x64
		{871BC6EF-BDED-47CE-9EED-607A9B8F1CA0}.Debug|x64.Build.0 = Debug|x64
		{871BC6EF-BDED-47CE-9EED-607A9B8F1CA0}.Debug|x86.ActiveCfg = Debug|Win32
		{871BC6EF-BDED-47CE-9EED-607A9B8F1CA0}.Debug|x86.Build.0 = Debug|Win32
		{871BC6EF-BDED-47CE-9EED-607A9B8F1CA0}.Release|x64.ActiveCfg = Release|x64
		{871BC6EF-BDED-47CE-9EED-607A9B8F1CA0}.Release|x64.Build.0 = Release|x64
		{871BC6EF-BDED-47CE-9EED-607A9B8F1CA0}.Release|x86.ActiveCfg = Release|Win32
		{871BC6EF-BDED-47CE-9EED-607A9B8F1CA0}.Release|x86.Build.0 = Release|Win32
		{4C372FDC-07A0-4B23-8C5D-4A2FB7A388FD}.Debug|x64.ActiveCfg = Debug|x64
		{4C372FDC-07A0-4B23-8C5D-4A2FB7A388FD}.Debug|x64.Build.0 = Debug|x64
		{4C372FDC-07A0-4B23-8C5D-4A2FB7A388FD}.Debug|x86.ActiveCfg = Debug|Win32
		{4C372FDC-07A0-4B23-8C5D-4A2FB7A388FD}.Debug|x86.Build.0 = Debug|Win32
		{4C372FDC-07A0-4B23-8C5D-4A2FB7A388FD}.Release|x64.ActiveCfg = Release|x64
		{4C372FDC-07A0-4B23-8C5D-4A2FB7A388FD}.Release|x64.Build.0 = Release|x64
		{4C372FDC-07A0-4B23-8C5D-4A2FB7A388FD}.Release|x86.ActiveCfg = Release|Win32
		{4C372FDC-07A0-4B23-8C5D-4A2FB7A388FD}.Release|x86.Build.0 = Release|Win32
		{E64D4B6B-0C0B-4817-9EB3-0FD338017367}.Debug|x64.ActiveCfg = Debug|x64
		{E64D4B6B-0C0B-4817-9EB3-0FD338017367}.Debug|x64.Build.0 = Debug|x64
		{E64D4B6B-0C0B-4817-9EB3-0FD338017367}.Debug|x86.ActiveCfg = Debug|Win32
		{E64D4B6B-0C0B-4817-9EB3-0FD338017367}.Debug|x86.Build.0 = Debug|Win32
		{E64D4B6B-0C0B-4817-9EB3-0FD338017367}.Release|x64.ActiveCfg = Release|x64
		{E64D4B6B-0C0B-4817-9EB3-0FD338017367}.Release|x64.Build.0 = Release|x64
		{E64D4B6B-0C0B-4817-9EB3-0FD338017367}.Release|x86.ActiveCfg = Release|Win32
		{E64D4B6B-0C0B-4817-9EB3-0FD338017367}.Release|x86.Build.0 = Release|Win32
		{F02791FD-BC70-477E-BF7B-12F76EB3DE71}.Debug|x64.ActiveCfg = Debug|x64
		{F02791FD-BC70-477E-BF7B-12F76EB3DE71}.Debug|x64.Build.0 = Debug|x64
		{F02791FD-BC70-477E-BF7B-12F76EB3DE71}.Debug|x86.ActiveCfg = Debug|Win32
		{F02791FD-BC70-477E-BF7B-12F76EB3DE71}.Debug|x86.Build.0 = Debug|Win32
		{F02791FD-BC70-477E-BF7B-12F76EB3DE71}.Release|x64.ActiveCfg = Release|x64
		{F02791FD-BC70-477E-BF7B-12F76EB3DE71}.Release|x64.Build.0 = Release|x64
		{F02791FD-BC70-477E-BF7B-12F76EB3DE71}.Release|x86.ActiveCfg = Release|Win32
		{F02791FD-BC70-477E-BF7B-12F76EB3DE71}.Release|x86.Build.0 = Release|Win32
		{DFB4F200-18B4-47BC-8265-A9FEF6EFC325}.Debug|x64.ActiveCfg = Debug|x64
		{DFB4F200-18B4-47BC-8265-A9FEF6EFC325}.Debug|x64.Build.0 = Debug|x64
		{DFB4F200-18B4-47BC-8265-A9FEF6EFC325}.Debug|x86.ActiveCfg = Debug|Win32
		{DFB4F200-18B4-47BC-8265-A9FEF6EFC325}.Debug|x86.Build.0 = Debug|Win32
		{DFB4F200-18B4-47BC-8265-A9FEF6EFC325}.Release|x64.ActiveCfg = Release|x64
		{DFB4F200-18B4-47BC-8265-A9FEF6EFC325}.Release|x64.Build.0 = Release|x64
		{DFB4F200-18B4-47BC-8265-A9FEF6EFC325}.Release|x86.ActiveCfg = Release|Win32
		{DFB4F200-18B4-47BC-8265-A9FEF6EFC325}.Release|x86.Build.0 = Release|Win32
		{6B91A2FB-6AB9-4C6A-A347-3ACA07C1DC83}.Debug|x64.ActiveCfg = Debug|x64
		{6B91A2FB-6AB9-4C6A-A347-3ACA07C1DC83}.Debug|x64.Build.0 = Debug|x64
		{6B91A2FB-6AB9-4C6A-A347-3ACA07C1DC83}.Debug|x86.ActiveCfg = Debug|Win32
		{6B91A2FB-6AB9-4C6A-A347-3ACA07C1DC83}.Debug|x86.Build.0 = Debug|Win32
		{6B91A2FB-6AB9-4C6A-A347-3ACA07C1DC83}.Release|x64.ActiveCfg = Release|x64
		{6B91A2FB-6AB9-4C6A-A347-3ACA07C1DC83}.Release|x64.Build.0 = Release|x64
		{6B91A2FB-6AB9-4C6A-A347-3ACA07C1DC83}.Release|x86.ActiveCfg = Release|Win32
		{6B91A2FB-6AB9-4C6A-A347-3ACA07C1DC83}.Release|x86.Build.0 = Release|Win32
		{31932EBB-33FF-432D-B188-EFE7652EDD42}.Debug|x64.ActiveCfg = Debug|x64
		{31932EBB-33FF-432D-B188-EFE7652EDD42}.Debug|x64.Build.0 = Debug|x64
		{31932EBB-33FF-432D-B188-EFE7652EDD42}.Debug|x86.ActiveCfg = Debug|Win32
		{31932EBB-33FF-432D-B188-EFE7652EDD42}.Debug|x86.Build.0 = Debug|Win32
		{31932EBB-33FF-432D-B188-EFE7652EDD42}.Release|x64.ActiveCfg = Release|x64
		{31932EBB-33FF-432D-B188-EFE7652EDD42}.Release|x64.Build.0 = Release|x64
		{31932EBB-33FF-432D-B188-EFE7652EDD42}.Release|x86.ActiveCfg = Release|Win32
		{31932EBB-33FF-432D-B188-EFE7652EDD42}.Release|x86.Build.0 = Release|Win32
		{4416E183-6E3A-4B5D-9DBC-DE1CCBBD30BF}.Debug|x64.ActiveCfg = Debug|x64
		{4416E183-6E3A-4B5D-9DBC-DE1CCBBD30BF}.Debug|x64.Build.0 = Debug|x64
		{4416E183-6E3A-4B5D-9DBC-DE1CCBBD30BF}.Debug|x86.ActiveCfg = Debug|Win32
		{4416E183-6E3A-4B5D-9DBC-DE1CCBBD30BF}.Debug|x86.Build.0 = Debug|Win32
		{4416E183-6E3A-4B5D-9DBC-DE1CCBBD30BF}.Release|x64.ActiveCfg = Release|x64
		{4416E183-6E3A-4B5D-9DBC-DE1CCBBD30BF}.Release|x64.Build.0 = Release|x64
		{4416E183-6E3A-4B5D-9DBC-DE1CCBBD30BF}.Release|x86.ActiveCfg = Release|Win32
		{4416E183-6E3A-4B5D-9DBC-DE1CCBBD30BF}.Release|x86.Build.0 = Release|Win32
		{1C19498A-4EFE-49BE-83B0-9DA3C0431792}.Debug|x64.ActiveCfg = Debug|x64
		{1C19498A-4EFE-49BE-83B0-9DA3C0431792}.Debug|x64.Build.0 = Debug|x64
		{1C19498A-4EFE-49BE-83B0-9DA3C0431792}.Debug|x86.ActiveCfg = Debug|Win32
		{1C19498A-4EFE-49BE-83B0-9DA3C0431792}.Debug|x86.Build.0 = Debug|Win32
		{1C19498A-4EFE-49BE-83B0-9DA3C0431792}.Release|x64.ActiveCfg = Release|x64
		{1C19498A-4EFE-49BE-83B0-9DA3C0431792}.Release|x64.Build.0 = Release|x64
		{1C19498A-4EFE-49BE-83B0-9DA3C0431792}.Release|x86.ActiveCfg = Release|Win32
		{1C19498A-4EFE-49BE-83B0-9DA3C0431792}.Release|x86.Build.0 = Release|Win32
		{58FBDBB6-AA24-4C20-B1CA-6803F5244CD8}.Debug|x64.ActiveCfg = Debug|x64
		{58FBDBB6-AA24-4C20-B1CA-6803F5244CD8}.Debug|x64.Build.0 = Debug|x64
		{58FBDBB6-AA24-4C20-B1CA-6803F5244CD8}.Debug|x86.ActiveCfg = Debug|Win32
		{58FBDBB6-AA24-4C20-B1CA-6803F5244CD8}.Debug|x86.Build.0 = Debug|Win32
		{58FBDBB6-AA24-4C20-B1CA-6803F5244CD8}.Release|x64.ActiveCfg = Release|x64
		{58FBDBB6-AA24-4C20-B1CA-6803F5244CD8}.Release|x64.Build.0 = Release|x64
		{58FBDBB6-AA24-4C20-B1CA-6803F5244CD8}.Release|x86.ActiveCfg = Release|Win32
		{58FBDBB6-AA24-4C20-B1CA-6803F5244CD8}.Release|x86.Build.0 = Release|Win32
		{21BA0D44-A716-4DE5-8DB4-B0ECBEF2FBCD}.Debug|x64.ActiveCfg = Debug|x64
		{21BA0D44-A716-4DE5-8DB4-B0ECBEF2FBCD}.Debug|x64.Build.0 = Debug|x64
		{21BA0D44-A716-4DE5-8DB4-B0ECBEF2FBCD}.Debug|x86.ActiveCfg = Debug|Win32
		{21BA0D44-A716-4DE5-8DB4-B0ECBEF2FBCD}.Debug|x86.Build.0 = Debug|Win32
		{21BA0D44-A716-4DE5-8DB4-B0ECBEF2FBCD}.Release|x64.ActiveCfg = Release|x64
		{21BA0D44-A716-4DE5-8DB4-B0ECBEF2FBCD}.Release|x64.Build.0 = Release|x64
		{21BA0D44-A716-4DE5-8DB4-B0ECBEF2FBCD}.Release|x86.ActiveCfg = Release|Win32
		{21BA0D44-A716-4DE5-8DB4-B0ECBEF2FBCD}.Release|x86.Build.0 = Release|Win32
		{883942E2-6DBC-4F1D-BB6B-963B395FE27A}.Debug|x64.ActiveCfg = Debug|x64
		{883942E2-6DBC-4F1D-BB6B-963B395FE27A}.Debug|x64.Build.0 = Debug|x64
		{883942E2-6DBC-4F1D-BB6B-963B395FE27A}.Debug|x86.ActiveCfg = Debug|Win32
		{883942E2-6DBC-4F1D-BB6B-963B395FE27A}.Debug|x86.Build.0 = Debug|Win32
		{883942E2-6DBC-4F1D-BB6B-963B395FE27A}.Release|x64.ActiveCfg = Release|x64
		{883942E2-6DBC-4F1D-BB6B-963B395FE27A}.Release|x64.Build.0 = Release|x64
		{883942E2-6DBC-4F1D-BB6B-963B395FE27A}.Release|x86.ActiveCfg = Release|Win32
		{883942E2-6DBC-4F1D-BB6B-963B395FE27A}.Release|x86.Build.0 = Release|Win32
		{18BA6BC5-1185-4F60-9588-843DE561ED3A}.Debug|x64.ActiveCfg = Debug|x64
		{18BA6BC5-1185-4F60-9588-843DE561ED3A}.Debug|x64.Build.0 = Debug|x64
		{18BA6BC5-1185-4F60-9588-843DE561ED3A}.Debug|x86.ActiveCfg = Debug|Win32
		{18BA6BC5-1185-4F60-9588-843DE561ED3A}.Debug|x86.Build.0 = Debug|Win32
		{18BA6BC5-1185-4F60-9588-843DE561ED3A}.Release|x64.ActiveCfg = Release|x64
		{18BA6BC5-1185-4F60-9588-843DE561ED3A}.Release|x64.Build.0 = Release|x64
		{18BA6BC5-1185-4F60-9588-843DE561ED3A}.Release|x86.ActiveCfg = Release|Win32
		{18BA6BC5-1185-4F60-9588-843DE561ED3A}.Release|x86.Build.0 = Release|Win32
		{3CE29589-F2C5-4903-B041-74F55481E8FF}.Debug|x64.ActiveCfg = Debug|x64
		{3CE29589-F2C5-4903-B041-74F55481E8FF}.Debug|x64.Build.0 = Debug|x64
		{3CE29589-F2C5-4903-B041-74F55481E8FF}.Debug|x86.ActiveCfg = Debug|Win32
		{3CE29589-F2C5-4903-B041-74F55481E8FF}.Debug|x86.Build.0 = Debug|Win32
		{3CE29589-F2C5-4903-B041-74F55481E8FF}.Release|x64.ActiveCfg = Release|x64
		{3CE29589-F2C5-4903-B041-74F55481E8FF}.Release|x64.Build.0 = Release|x64
		{3CE29589-F2C5-4903-B041-74F55481E8FF}.Release|x86.ActiveCfg = Release|Win32
		{3CE29589-F2C5-4903-B041-74F55481E8FF}.Release|x86.Build.0 = Release|Win32
		{04FC30DF-A3BC-430A-B9B0-3CAE8B512F9D}.Debug|x64.ActiveCfg = Debug|x64
		{04FC30DF-A3BC-430A-B9B0-3CAE8B512F9D}.Debug|x64.Build.0 = Debug|x64
		{04FC30DF-A3BC-430A-B9B0-3CAE8B512F9D}.Debug|x86.ActiveCfg = Debug|Win32
		{04FC30DF-A3BC-430A-B9B0-3CAE8B512F9D}.Debug|x86.Build.0 = Debug|Win32
		{04FC30DF-A3BC-430A-B9B0-3CAE8B512F9D}.Release|x64.ActiveCfg = Release|x64
		{04FC30DF-A3BC-430A-B9B0-3CAE8B512F9D}.Release|x64.Build.0 = Release|x64
		{04FC30DF-A3BC-430A-B9B0-3CAE8B512F9D}.Release|x86.ActiveCfg = Release|Win32
		{04FC30DF-A3BC-430A-B9B0-3CAE8B512F9D}.Release|x86.Build.0 = Release|Win32
		{D7987537-92FE-48D6-99C6-1BEDD3D9F40B}.Debug|x64.ActiveCfg = Debug|x64
		{D7987537-92FE-48D6-99C6-1BEDD3D9F40B}.Debug|x64.Build.0 = Debug|x64
		{D7987537-92FE-48D6-99C6-1BEDD3D9F40B}.Debug|x86.ActiveCfg = Debug|Win32
		{D7987537-92FE-48D6-99C6-1BEDD3D9F40B}.Debug|x86.Build.0 = Debug|Win32
		{D7987537-92FE-48D6-99C6-1BEDD3D9F40B}.Release|x64.ActiveCfg = Release|x64
		{D7987537-92FE-48D6-99C6-1BEDD3D9F40B}.Release|x64.Build.0 = Release|x64
		{D7987537-92FE-48D6-99C6-1BEDD3D9F40B}.Release|x86.ActiveCfg = Release|Win32
		{D7987537-92FE-48D6-99C6-1BEDD3D9F40B}.Release|x86.Build.0 = Release|Win32
		{34FCBE6C-D2E7-46C6-806C-AAC573557EEE}.Debug|x64.ActiveCfg = Debug|x64
		{34FCBE6C-D2E7-46C6-806C-AAC573557EEE}.Debug|x64.Build.0 = Debug|x64
		{34FCBE6C-D2E7-46C6-806C-AAC573557EEE}.Debug|x86.ActiveCfg = Debug|Win32
		{34FCBE6C-D2E7-46C6-806C-AAC573557EEE}.Debug|x86.Build.0 = Debug|Win32
		{34FCBE6C-D2E7-46C6-806C-AAC573557EEE}.Release|x64.ActiveCfg = Release|x64
		{34FCBE6C-D2E7-46C6-806C-AAC573557EEE}.Release|x64.Build.0 = Release|x64
		{34FCBE6C-D2E7-46C6-806C-AAC573557EEE}.Release|x86.ActiveCfg = Release|Win32
		{34FCBE6C-D2E7-46C6-806C-AAC573557EEE}.Release|x86.Build.0 = Release|Win32
		{051D7B28-36E7-41B1-993A-A8E1D36454D7}.Debug|x64.ActiveCfg = Debug|x64
		{051D7B28-36E7-41B1-993A-A8E1D36454D7}.Debug|x64.Build.0 = Debug|x64
		{051D7B28-36E7-41B1-993A-A8E1D36454D7}.Debug|x86.ActiveCfg = Debug|Win32
		{051D7B28-36E7-41B1-993A-A8E1D36454D7}.Debug|x86.Build.0 = Debug|Win32
		{051D7B28-36E7-41B1-993A-A8E1D36454D7}.Release|x64.ActiveCfg = Release|x64
		{051D7B28-36E7-41B1-993A-A8E1D36454D7}.Release|x64.Build.0 = Release|x64
		{051D7B28-36E7-41B1-993A-A8E1D36454D7}.Release|x86.ActiveCfg = Release|Win32
		{051D7B28-36E7-41B1-993A-A8E1D36454D7}.Release|x86.Build.0 = Release|Win32
		{A8401728-3C60-4FDD-8DC6-901DA65723A1}.Debug|x64.ActiveCfg = Debug|x64
		{A8401728-3C60-4FDD-8DC6-901DA65723A1}.Debug|x64.Build.0 = Debug|x64
		{A8401728-3C60-4FDD-8DC6-901DA65723A1}.Debug|x86.ActiveCfg = Debug|Win32
		{A8401728-3C60-4FDD-8DC6-901DA65723A1}.Debug|x86.Build.0 = Debug|Win32
		{A8401728-3C60-4FDD-8DC6-901DA65723A1}.Release|x64.ActiveCfg = Release|x64
		{A8401728-3C60-4FDD-8DC6-901DA65723A1}.Release|x64.Build.0 = Release|x64
		{A8401728-3C60-4FDD-8DC6-901DA65723A1}.Release|x86.ActiveCfg = Release|Win32
		{A8401728-3C60-4FDD-8DC6-901DA65723A1}.Release|x86.Build.0 = Release|Win32
		{B5D7029B-0312-4227-AF27-BBBC5899D9CC}.Debug|x64.ActiveCfg = Debug|x64
		{B5D7029B-0312-4227-AF27-BBBC5899D9CC}.Debug|x64.Build.0 = Debug|x64
		{B5D7029B-0312-4227-AF27-BBBC5899D9CC}.Debug|x86.ActiveCfg = Debug|Win32
		{B5D7029B-0312-4227-AF27-BBBC5899D9CC}.Debug|x86.Build.0 = Debug|Win32
		{B5D7029B-0312-4227-AF27-BBBC5899D9CC}.Release|x64.ActiveCfg = Release|x64
		{B5D7029B-0312-4227-AF27-BBBC5899D9CC}.Release|x64.Build.0 = Release|x64
		{B5D7029B-0312-4227-AF27-BBBC5899D9CC}.Release|x86.ActiveCfg = Release|Win32
		{B5D7029B-0312-4227-AF27-BBBC5899D9CC}.Release|x86.Build.0 = Release|Win32
		{BBA8F3C1-6C3B-48EC-8A13-1E5C39AA791F}.Debug|x64.ActiveCfg = Debug|x64
		{BBA8F3C1-6C3B-48EC-8A13-1E5C39AA791F}.Debug|x64.Build.0 = Debug|x64
		{BBA8F3C1-6C3B-48EC-8A13-1E5C39AA791F}.Debug|x86.ActiveCfg = Debug|Win32
		{BBA8F3C1-6C3B-48EC-8A13-1E5C39AA791F}.Debug|x86.Build.0 = Debug|Win32
		{BBA8F3C1-6C3B-48EC-8A13-1E5C39AA791F}.Release|x64.ActiveCfg = Release|x64
		{BBA8F3C1-6C3B-48EC-8A13-1E5C39AA791F}.Release|x64.Build.0 = Release|x64
		{BBA8F3C1-6C3B-48EC-8A13-1E5C39AA791F}.Release|x86.ActiveCfg = Release|Win32
		{BBA8F3C1-6C3B-48EC-8A13-1E5C39AA791F}.Release|x86.Build.0 = Release|Win32
		{25AC8273-14CF-4E54-B8C9-E7A478DC6A74}.Debug|x64.ActiveCfg = Debug|x64
		{25AC8273-14CF-4E54-B8C9-E7A478DC6A74}.Debug|x64.Build.0 = Debug|x64
		{25AC8273-14CF-4E54-B8C9-E7A478DC6A74}.Debug|x86.ActiveCfg = Debug|Win32
		{25AC8273-14CF-4E54-B8C9-E7A478DC6A74}.Debug|x86.Build.0 = Debug|Win32
		{25AC8273-14CF-4E54-B8C9-E7A478DC6A74}.Release|x64.ActiveCfg = Release|x64
		{25AC8273-14CF-4E54-B8C9-E7A478DC6A74}.Release|x64.Build.0 = Release|x64
		{25AC8273-14CF-4E54-B8C9-E7A478DC6A74}.Release|x86.ActiveCfg = Release|Win32
		{25AC8273-14CF-4E54-B8C9-E7A478DC6A74}.Release|x86.Build.0 = Release|Win32
		{B7915185-8121-46F8-A6F8-D8BBD0E7375F}.Debug|x64.ActiveCfg = Debug|x64
		{B7915185-8121-46F8-A6F8-D8BBD0E7375F}.Debug|x64.Build.0 = Debug|x64
		{B7915185-8121-46F8-A6F8-D8BBD0E7375F}.Debug|x86.ActiveCfg = Debug|Win32
		{B7915185-8121-46F8-A6F8-D8BBD0E7375F}.Debug|x86.Build.0 = Debug|Win32
		{B7915185-8121-46F8-A6F8-D8BBD0E7375F}.Release|x64.ActiveCfg = Release|x64
		{B7915185-8121-46F8-A6F8-D8BBD0E7375F}.Release|x64.Build.0 = Release|x64
		{B7915185-8121-46F8-A6F8-D8BBD0E7375F}.Release|x86.ActiveCfg = Release|Win32
		{B7915185-8121-46F8-A6F8-D8BBD0E7375F}.Release|x86.Build.0 = Release|Win32
		{6DDE2F40-FC95-4DA2-B2B5-91D1A5DF191E}.Debug|x64.ActiveCfg = Debug|x64
		{6DDE2F40-FC95-4DA2-B2B5-91D1A5DF191E}.Debug|x64.Build.0 = Debug|x64
		{6DDE2F40-FC95-4DA2-B2B5-91D1A5DF191E}.Debug|x86.ActiveCfg = Debug|Win32
		{6DDE2F40-FC95-4DA2-B2B5-91D1A5DF191E}.Debug|x86.Build.0 = Debug|Win32
		{6DDE2F40-FC95-4DA2-B2B5-91D1A5DF191E}.Release|x64.ActiveCfg = Release|x64
		{6DDE2F40-FC95-4DA2-B2B5-91D1A5DF191E}.Release|x64.Build.0 = Release|x64
		{6DDE2F40-FC95-4DA2-B2B5-91D1A5DF191E}.Release|x86.ActiveCfg = Release|Win32
		{6DDE2F40-FC95-4DA2-B2B5-91D1A5DF191E}.Release|x86.Build.0 = Release|Win32
		{4C9D9015-92A1-4E1B-822A-7CD776157901}.Debug|x64.ActiveCfg = Debug|x64
		{4C9D9015-92A1-4E1B-822A-7CD776157901}.Debug|x64.Build.0 = Debug|x64
		{4C9D9015-92A1-4E1B-822A-7CD776157901}.Debug|x86.ActiveCfg = Debug|Win32
		{4C9D9015-92A1-4E1B-822A-7CD776157901}.Debug|x86.Build.0 = Debug|Win32
		{4C9D9015-92A1-4E1B-822A-7CD776157901}.Release|x64.ActiveCfg = Release|x64
		{4C9D9015-92A1-4E1B-822A-7CD776157901}.Release|x64.Build.0 = Release|x64
		{4C9D9015-92A1-4E1B-822A-7CD776157901}.Release|x86.ActiveCfg = Release|Win32
		{4C9D9015-92A1-4E1B-822A-7CD776157901}.Release|x86.Build.0 = Release|Win32
		{38287724-A1E9-4281-9DC1-496868FF34AF}.Debug|x64.ActiveCfg = Debug|x64
		{38287724-A1E9-4281-9DC1-496868FF34AF}.Debug|x64.Build.0 = Debug|x64
		{38287724-A1E9-4281-9DC1-496868FF34AF}.Debug|x86.ActiveCfg = Debug|Win32
		{38287724-A1E9-4281-9DC1-496868FF34AF}.Debug|x86.Build.0 = Debug|Win32
		{38287724-A1E9-4281-9DC1-496868FF34AF}.Release|x64.ActiveCfg = Release|x64
		{38287724-A1E9-4281-9DC1-496868FF34AF}.Release|x64.Build.0 = Release|x64
		{38287724-A1E9-4281-9DC1-496868FF34AF}.Release|x86.ActiveCfg = Release|Win32
		{38287724-A1E9-4281-9DC1-496868FF34AF}.Release|x86.Build.0 = Release|Win32
		{41C7B69E-AD57-42DC-B095-A9C2BD27C5BD}.Debug|x64.ActiveCfg = Debug|x64
		{41C7B69E-AD57-42DC-B095-A9C2BD27C5BD}.Debug|x64.Build.0 = Debug|x64
		{41C7B69E-AD57-42DC-B095-A9C2BD27C5BD}.Debug|x86.ActiveCfg = Debug|Win32
		{41C7B69E-AD57-42DC-B095-A9C2BD27C5BD}.Debug|x86.Build.0 = Debug|Win32
		{41C7B69E-AD57-42DC-B095-A9C2BD27C5BD}.Release|x64.ActiveCfg = Release|x64
		{41C7B69E-AD57-42DC-B095-A9C2BD27C5BD}.Release|x64.Build.0 = Release|x64
		{41C7B69E-AD57-42DC-B095-A9C2BD27C5BD}.Release|x86.ActiveCfg = Release|Win32
		{41C7B69E-AD57-42DC-B095-A9C2BD27C5BD}.Release|x86.Build.0 = Release|Win32
		{4100416C-E497-45AD-BC45-E41B254DEC64}.Debug|x64.ActiveCfg = Debug|x64
		{4100416C-E497-45AD-BC45-E41B254DEC64}.Debug|x64.Build.0 = Debug|x64
		{4100416C-E497-45AD-BC45-E41B254DEC64}.Debug|x86.ActiveCfg = Debug|Win32
		{4100416C-E497-45AD-BC45-E41B254DEC64}.Debug|x86.Build.0 = Debug|Win32
		{4100416C-E497-45AD-BC45-E41B254DEC64}.Release|x64.ActiveCfg = Release|x64
		{4100416C-E497-45AD-BC45-E41B254DEC64}.Release|x64.Build.0 = Release|x64
		{4100416C-E497-45AD-BC45-E41B254DEC64}.Release|x86.ActiveCfg = Release|Win32
		{4100416C-E497-45AD-BC45-E41B254DEC64}.Release|x86.Build.0 = Release|Win32
		{97C9B44A-51DF-4072-BBF5-F21E10487C64}.Debug|x64.ActiveCfg = Debug|x64
		{97C9B44A-51DF-4072-BBF5-F21E10487C64}.Debug|x64.Build.0 = Debug|x64
		{97C9B44A-51DF-4072-BBF5-F21E10487C64}.Debug|x86.ActiveCfg = Debug|Win32
		{97C9B44A-51DF-4072-BBF5-F21E10487C64}.Debug|x86.Build.0 = Debug|Win32
		{97C9B44A-51DF-4072-BBF5-F21E10487C64}.Release|x64.ActiveCfg = Release|x64
		{97C9B44A-51DF-4072-BBF5-F21E10487C64}.Release|x64.Build.0 = Release|x64
		{97C9B44A-51DF-4072-BBF5-F21E10487C64}.Release|x86.ActiveCfg = Release|Win32
		{97C9B44A-51DF-4072-BBF5-F21E10487C64}.Release|x86.Build.0 = Release|Win32
		{03960010-68AD-4C58-9470-0318F2026060}.Debug|x64.ActiveCfg = Debug|x64
		{03960010-68AD-4C58-9470-0318F2026060}.Debug|x64.Build.0 = Debug|x64
		{03960010-68AD-4C58-9470-0318F2026060}.Debug|x86.ActiveCfg = Debug|Win32
		{03960010-68AD-4C58-9470-0318F2026060}.Debug|x86.Build.0 = Debug|Win32
		{03960010-68AD-4C58-9470-0318F2026060}.Release|x64.ActiveCfg = Release|x64
		{03960010-68AD-4C58-9470-0318F2026060}.Release|x64.Build.0 = Release|x64
		{03960010-68AD-4C58-9470-0318F2026060}.Release|x86.ActiveCfg = Release|Win32
		{03960010-68AD-4C58-9470-0318F2026060}.Release|x86.Build.0 = Release|Win32
		{FFC2EF5B-2CCC-4133-867E-07EE6A3D675D}.Debug|x64.ActiveCfg = Debug|x64
		{FFC2EF5B-2CCC-4133-867E-07EE6A3D675D}.Debug|x64.Build.0 = Debug|x64
		{FFC2EF5B-2CCC-4133-867E-07EE6A3D675D}.Debug|x86.ActiveCfg = Debug|Win32
		{FFC2EF5B-2CCC-4133-867E-07EE6A3D675D}.Debug|x86.Build.0 = Debug|Win32
		{FFC2EF5B-2CCC-4133-867E-07EE6A3D675D}.Release|x64.ActiveCfg = Release|x64
		{FFC2EF5B-2CCC-4133-867E-07EE6A3D675D}.Release|x64.Build.0 = Release|x64
		{FFC2EF5B-2CCC-4133-867E-07EE6A3D675D}.Release|x86.ActiveCfg = Release|Win32
		{FFC2EF5B-2CCC-4133-867E-07EE6A3D675D}.Release|x86.Build.0 = Release|Win32
		{B99C3D2E-8E83-4642-8696-2BD430BC9C4B}.Debug|x64.ActiveCfg = Debug|x64
		{B99C3D2E-8E83-4642-8696-2BD430BC9C4B}.Debug|x64.Build.0 = Debug|x64
		{B99C3D2E-8E83-4642-8696-2BD430BC9C4B}.Debug|x86.ActiveCfg = Debug|Win32
		{B99C3D2E-8E83-4642-8696-2BD430BC9C4B}.Debug|x86.Build.0 = Debug|Win32
		{B99C3D2E-8E83-4642-8696-2BD430BC9C4B}.Release|x64.ActiveCfg = Release|x64
		{B99C3D2E-8E83-4642-8696-2BD430BC9C4B}.Release|x64.Build.0 = Release|x64
		{B99C3D2E-8E83-4642-8696-2BD430BC9C4B}.Release|x86.ActiveCfg = Release|Win32
		{B99C3D2E-8E83-4642-8696-2BD430BC9C4B}.Release|x86.Build.0 = Release|Win32
		{71249D6D-89CC-487C-B668-2C93E99B2E3E}.Debug|x64.ActiveCfg = Debug|x64
		{71249D6D-89CC-487C-B668-2C93E99B2E3E}.Debug|x64.Build.0 = Debug|x64
		{71249D6D-89CC-487C-B668-2C93E99B2E3E}.Debug|x86.ActiveCfg = Debug|Win32
		{71249D6D-89CC-487C-B668-2C93E99B2E3E}.Debug|x86.Build.0 = Debug|Win32
		{71249D6D-89CC-487C-B668-2C93E99B2E3E}.Release|x64.ActiveCfg = Release|x64
		{71249D6D-89CC-487C-B668-2C93E99B2E3E}.Release|x64.Build.0 = Release|x64
		{71249D6D-89CC-487C-B668-2C93E99B2E3E}.Release|x86.ActiveCfg = Release|Win32
		{71249D6D-89CC-487C-B668-2C93E99B2E3E}.Release|x86.Build.0 = Release|Win32
		{A92ED5FE-0548-456F-A6DD-4B5E6D81E601}.Debug|x64.ActiveCfg = Debug|x64
		{A92ED5FE-0548-456F-A6DD-4B5E6D81E601}.Debug|x64.Build.0 = Debug|x64
		{A92ED5FE-0548-456F-A6DD-4B5E6D81E601}.Debug|x86.ActiveCfg = Debug|Win32
		{A92ED5FE-0548-456F-A6DD-4B5E6D81E601}.Debug|x86.Build.0 = Debug|Win32
		{A92ED5FE-0548-456F-A6DD-4B5E6D81E601}.Release|x64.ActiveCfg = Release|x64
		{A92ED5FE-0548-456F-A6DD-4B5E6D81E601}.Release|x64.Build.0 = Release|x64
		{A92ED5FE-0548-456F-A6DD-4B5E6D81E601}.Release|x86.ActiveCfg = Release|Win32
		{A92ED5FE-0548-456F-A6DD-4B5E6D81E601}.Release|x86.Build.0 = Release|Win32
		{74F091E6-CE95-4E88-B583-17472C84D676}.Debug|x64.ActiveCfg = Debug|x64
		{74F091E6-CE95-4E88-B583-17472C84D676}.Debug|x64.Build.0 = Debug|x64
		{74F091E6-CE95-4E88-B583-17472C84D676}.Debug|x86.ActiveCfg = Debug|Win32
		{74F091E6-CE95-4E88-B583-17472C84D676}.Debug|x86.Build.0 = Debug|Win32
		{74F091E6-CE95-4E88-B583-17472C84D676}.Release|x64.ActiveCfg = Release|x64
		{74F091E6-CE95-4E88-B583-17472C84D676}.Release|x64.Build.0 = Release|x64
		{74F091E6-CE95-4E88-B583-17472C84D676}.Release|x86.ActiveCfg = Release|Win32
		{74F091E6-CE95-4E88-B583-17472C84D676}.Release|x86.Build.0 = Release|Win32
		{375A7C41-B6B9-44A1-B34F-86310820577D}.Debug|x64.ActiveCfg = Debug|x64
		{375A7C41-B6B9-44A1-B34F-86310820577D}.Debug|x64.Build.0 = Debug|x64
		{375A7C41-B6B9-44A1-B34F-86310820577D}.Debug|x86.ActiveCfg = Debug|Win32
		{375A7C41-B6B9-44A1-B34F-86310820577D}.Debug|x86.Build.0 = Debug|Win32
		{375A7C41-B6B9-44A1-B34F-86310820577D}.Release|x64.ActiveCfg = Release|x64
		{375A7C41-B6B9-44A1-B34F-86310820577D}.Release|x64.Build.0 = Release|x64
		{375A7C41-B6B9-44A1-B34F-86310820577D}.Release|x86.ActiveCfg = Release|Win32
		{375A7C41-B6B9-44A1-B34F-86310820577D}.Release|x86.Build.0 = Release|Win32
		{9EBF4CE3-40E9-4809-9DB6-F89AE68E164A}.Debug|x64.ActiveCfg = Debug|x64
		{9EBF4CE3-40E9-4809-9DB6-F89AE68E164A}.Debug|x64.Build.0 = Debug|x64
		{9EBF4CE3-40E9-4809-9DB6-F89AE68E164A}.Debug|x86.ActiveCfg = Debug|Win32
		{9EBF4CE3-40E9-4809-9DB6-F89AE68E164A}.Debug|x86.Build.0 = Debug|Win32
		{9EBF4CE3-40E9-4809-9DB6-F89AE68E164A}.Release|x64.ActiveCfg = Release|x64
		{9EBF4CE3-40E9-4809-9DB6-F89AE68E164A}.Release|x64.Build.0 = Release|x64
		{9EBF4CE3-40E9-4809-9DB6-F89AE68E164A}.Release|x86.ActiveCfg = Release|Win32
		{9EBF4CE3-40E9-4809-9DB6-F89AE68E164A}.Release|x86.Build.0 = Release|Win32
		{17A47D95-9287-444D-AAAB-7A364D1F4C20}.Debug|x64.ActiveCfg = Debug|x64
		{17A47D95-9287-444D-AAAB-7A364D1F4C20}.Debug|x64.Build.0 = Debug|x64
		{17A47D95-9287-444D-AAAB-7A364D1F4C20}.Debug|x86.ActiveCfg = Debug|Win32
		{17A47D95-9287-444D-AAAB-7A364D1F4C20}.Debug|x86.Build.0 = Debug|Win32
		{17A47D95-9287-444D-AAAB-7A364D1F4C20}.Release|x64.ActiveCfg = Release|x64
		{17A47D95-9287-444D-AAAB-7A364D1F4C20}.Release|x64.Build.0 = Release|x64
		{17A47D95-9287-444D-AAAB-7A364D1F4C20}.Release|x86.ActiveCfg = Release|Win32
		{17A47D95-9287-444D-AAAB-7A364D1F4C20}.Release|x86.Build.0 = Release|Win32
		{94BC41BB-8AD1-4B8D-AB47-35FD539BF795}.Debug|x64.ActiveCfg = Debug|x64
		{94BC41BB-8AD1-4B8D-AB47-35FD539BF795}.Debug|x64.Build.0 = Debug|x64
		{94BC41BB-8AD1-4B8D-AB47-35FD539BF795}.Debug|x86.ActiveCfg = Debug|Win32
		{94BC41BB-8AD1-4B8D-AB47-35FD539BF795}.Debug|x86.Build.0 = Debug|Win32
		{94BC41BB-8AD1-4B8D-AB47-35FD539BF795}.Release|x64.ActiveCfg = Release|x64
		{94BC41BB-8AD1-4B8D-AB47-35FD539BF795}.Release|x64.Build.0 = Release|x64
		{94BC41BB-8AD1-4B8D-AB47-35FD539BF795}.Release|x86.ActiveCfg = Release|Win32
		{94BC41BB-8AD1-4B8D-AB47-35FD539BF795}.Release|x86.Build.0 = Release|Win32
	EndGlobalSection
	GlobalSection(SolutionProperties) = preSolution
		HideSolutionNode = FALSE
	EndGlobalSection
	GlobalSection(ExtensibilityGlobals) = postSolution
		SolutionGuid = {B735BED5-B424-4615-91ED-785FE007B5FC}
	EndGlobalSection
EndGlobal
